// !$*UTF8*$!
{
	archiveVersion = 1;
	classes = {
	};
	objectVersion = 50;
	objects = {

/* Begin PBXBuildFile section */
		9618BCF622ABAD440027F5C9 /* ChampionListView.swift in Sources */ = {isa = PBXBuildFile; fileRef = 9618BCF522ABAD440027F5C9 /* ChampionListView.swift */; };
		96282B8D22AAF57F0054C4EF /* URLSession+Combine.swift in Sources */ = {isa = PBXBuildFile; fileRef = 96282B8C22AAF57F0054C4EF /* URLSession+Combine.swift */; };
		96282B8F22AB006F0054C4EF /* RemoteImage.swift in Sources */ = {isa = PBXBuildFile; fileRef = 96282B8E22AB006F0054C4EF /* RemoteImage.swift */; };
		96282B9422AB0F850054C4EF /* Champion.swift in Sources */ = {isa = PBXBuildFile; fileRef = 96282B9322AB0F850054C4EF /* Champion.swift */; };
		96282B9622AB122C0054C4EF /* API.swift in Sources */ = {isa = PBXBuildFile; fileRef = 96282B9522AB122C0054C4EF /* API.swift */; };
		96282B9822ABA1520054C4EF /* ChampionListViewModel.swift in Sources */ = {isa = PBXBuildFile; fileRef = 96282B9722ABA1520054C4EF /* ChampionListViewModel.swift */; };
		964FD32D22A8489D008C719D /* AppDelegate.swift in Sources */ = {isa = PBXBuildFile; fileRef = 964FD32C22A8489D008C719D /* AppDelegate.swift */; };
		964FD32F22A8489D008C719D /* SceneDelegate.swift in Sources */ = {isa = PBXBuildFile; fileRef = 964FD32E22A8489D008C719D /* SceneDelegate.swift */; };
		964FD33122A8489D008C719D /* ChampionCell.swift in Sources */ = {isa = PBXBuildFile; fileRef = 964FD33022A8489D008C719D /* ChampionCell.swift */; };
		964FD33322A8489E008C719D /* Assets.xcassets in Resources */ = {isa = PBXBuildFile; fileRef = 964FD33222A8489E008C719D /* Assets.xcassets */; };
		964FD33622A8489E008C719D /* Preview Assets.xcassets in Resources */ = {isa = PBXBuildFile; fileRef = 964FD33522A8489E008C719D /* Preview Assets.xcassets */; };
		964FD33922A8489E008C719D /* LaunchScreen.storyboard in Resources */ = {isa = PBXBuildFile; fileRef = 964FD33722A8489E008C719D /* LaunchScreen.storyboard */; };
		96F00F6C22A84A4100198A29 /* RoundedImage.swift in Sources */ = {isa = PBXBuildFile; fileRef = 96F00F6B22A84A4100198A29 /* RoundedImage.swift */; };
/* End PBXBuildFile section */

/* Begin PBXFileReference section */
		9618BCF522ABAD440027F5C9 /* ChampionListView.swift */ = {isa = PBXFileReference; fileEncoding = 4; lastKnownFileType = sourcecode.swift; name = ChampionListView.swift; path = SwiftUITutorial/Views/ChampionList/ChampionListView.swift; sourceTree = SOURCE_ROOT; };
		96282B8C22AAF57F0054C4EF /* URLSession+Combine.swift */ = {isa = PBXFileReference; lastKnownFileType = sourcecode.swift; path = "URLSession+Combine.swift"; sourceTree = "<group>"; };
		96282B8E22AB006F0054C4EF /* RemoteImage.swift */ = {isa = PBXFileReference; lastKnownFileType = sourcecode.swift; path = RemoteImage.swift; sourceTree = "<group>"; };
		96282B9322AB0F850054C4EF /* Champion.swift */ = {isa = PBXFileReference; lastKnownFileType = sourcecode.swift; path = Champion.swift; sourceTree = "<group>"; };
		96282B9522AB122C0054C4EF /* API.swift */ = {isa = PBXFileReference; lastKnownFileType = sourcecode.swift; path = API.swift; sourceTree = "<group>"; };
		96282B9722ABA1520054C4EF /* ChampionListViewModel.swift */ = {isa = PBXFileReference; lastKnownFileType = sourcecode.swift; path = ChampionListViewModel.swift; sourceTree = "<group>"; };
		964FD32922A8489D008C719D /* SwiftUITutorial.app */ = {isa = PBXFileReference; explicitFileType = wrapper.application; includeInIndex = 0; path = SwiftUITutorial.app; sourceTree = BUILT_PRODUCTS_DIR; };
		964FD32C22A8489D008C719D /* AppDelegate.swift */ = {isa = PBXFileReference; lastKnownFileType = sourcecode.swift; path = AppDelegate.swift; sourceTree = "<group>"; };
		964FD32E22A8489D008C719D /* SceneDelegate.swift */ = {isa = PBXFileReference; lastKnownFileType = sourcecode.swift; path = SceneDelegate.swift; sourceTree = "<group>"; };
		964FD33022A8489D008C719D /* ChampionCell.swift */ = {isa = PBXFileReference; lastKnownFileType = sourcecode.swift; path = ChampionCell.swift; sourceTree = "<group>"; };
		964FD33222A8489E008C719D /* Assets.xcassets */ = {isa = PBXFileReference; lastKnownFileType = folder.assetcatalog; path = Assets.xcassets; sourceTree = "<group>"; };
		964FD33522A8489E008C719D /* Preview Assets.xcassets */ = {isa = PBXFileReference; lastKnownFileType = folder.assetcatalog; path = "Preview Assets.xcassets"; sourceTree = "<group>"; };
		964FD33822A8489E008C719D /* Base */ = {isa = PBXFileReference; lastKnownFileType = file.storyboard; name = Base; path = Base.lproj/LaunchScreen.storyboard; sourceTree = "<group>"; };
		964FD33A22A8489E008C719D /* Info.plist */ = {isa = PBXFileReference; lastKnownFileType = text.plist.xml; path = Info.plist; sourceTree = "<group>"; };
		96F00F6B22A84A4100198A29 /* RoundedImage.swift */ = {isa = PBXFileReference; lastKnownFileType = sourcecode.swift; path = RoundedImage.swift; sourceTree = "<group>"; };
/* End PBXFileReference section */

/* Begin PBXFrameworksBuildPhase section */
		964FD32622A8489D008C719D /* Frameworks */ = {
			isa = PBXFrameworksBuildPhase;
			buildActionMask = 2147483647;
			files = (
			);
			runOnlyForDeploymentPostprocessing = 0;
		};
/* End PBXFrameworksBuildPhase section */

/* Begin PBXGroup section */
		9618BCF722ABAE210027F5C9 /* API */ = {
			isa = PBXGroup;
			children = (
				96282B9522AB122C0054C4EF /* API.swift */,
			);
			path = API;
			sourceTree = "<group>";
		};
		96282B8B22AAF52A0054C4EF /* Extensions */ = {
			isa = PBXGroup;
			children = (
				96282B8C22AAF57F0054C4EF /* URLSession+Combine.swift */,
			);
			path = Extensions;
			sourceTree = "<group>";
		};
		96282B9022AB020D0054C4EF /* Models */ = {
			isa = PBXGroup;
			children = (
				96282B9322AB0F850054C4EF /* Champion.swift */,
			);
			path = Models;
			sourceTree = "<group>";
		};
		964FD32022A8489D008C719D = {
			isa = PBXGroup;
			children = (
				964FD32B22A8489D008C719D /* SwiftUITutorial */,
				964FD32A22A8489D008C719D /* Products */,
			);
			sourceTree = "<group>";
		};
		964FD32A22A8489D008C719D /* Products */ = {
			isa = PBXGroup;
			children = (
				964FD32922A8489D008C719D /* SwiftUITutorial.app */,
			);
			name = Products;
			sourceTree = "<group>";
		};
		964FD32B22A8489D008C719D /* SwiftUITutorial */ = {
			isa = PBXGroup;
			children = (
				9618BCF722ABAE210027F5C9 /* API */,
				96282B9022AB020D0054C4EF /* Models */,
				96282B8B22AAF52A0054C4EF /* Extensions */,
				9656182D22A9A802009C6666 /* Views */,
				96F00F6A22A84A3200198A29 /* Components */,
				964FD32C22A8489D008C719D /* AppDelegate.swift */,
				964FD32E22A8489D008C719D /* SceneDelegate.swift */,
				964FD33222A8489E008C719D /* Assets.xcassets */,
				964FD33722A8489E008C719D /* LaunchScreen.storyboard */,
				964FD33A22A8489E008C719D /* Info.plist */,
				964FD33422A8489E008C719D /* Preview Content */,
			);
			path = SwiftUITutorial;
			sourceTree = "<group>";
		};
		964FD33422A8489E008C719D /* Preview Content */ = {
			isa = PBXGroup;
			children = (
				964FD33522A8489E008C719D /* Preview Assets.xcassets */,
			);
			path = "Preview Content";
			sourceTree = "<group>";
		};
		9656182D22A9A802009C6666 /* Views */ = {
			isa = PBXGroup;
			children = (
				96F00F6D22A8546000198A29 /* ChampionList */,
			);
			path = Views;
			sourceTree = "<group>";
		};
		96F00F6922A849C000198A29 /* Cells */ = {
			isa = PBXGroup;
			children = (
				964FD33022A8489D008C719D /* ChampionCell.swift */,
			);
			path = Cells;
			sourceTree = "<group>";
		};
		96F00F6A22A84A3200198A29 /* Components */ = {
			isa = PBXGroup;
			children = (
				96F00F6B22A84A4100198A29 /* RoundedImage.swift */,
				96282B8E22AB006F0054C4EF /* RemoteImage.swift */,
			);
			path = Components;
			sourceTree = "<group>";
		};
		96F00F6D22A8546000198A29 /* ChampionList */ = {
			isa = PBXGroup;
			children = (
				96F00F6922A849C000198A29 /* Cells */,
				9618BCF522ABAD440027F5C9 /* ChampionListView.swift */,
				96282B9722ABA1520054C4EF /* ChampionListViewModel.swift */,
			);
			path = ChampionList;
			sourceTree = "<group>";
		};
/* End PBXGroup section */

/* Begin PBXNativeTarget section */
		964FD32822A8489D008C719D /* SwiftUITutorial */ = {
			isa = PBXNativeTarget;
			buildConfigurationList = 964FD33D22A8489E008C719D /* Build configuration list for PBXNativeTarget "SwiftUITutorial" */;
			buildPhases = (
				964FD32522A8489D008C719D /* Sources */,
				964FD32622A8489D008C719D /* Frameworks */,
				964FD32722A8489D008C719D /* Resources */,
			);
			buildRules = (
			);
			dependencies = (
			);
			name = SwiftUITutorial;
			productName = SwiftUITutorial;
			productReference = 964FD32922A8489D008C719D /* SwiftUITutorial.app */;
			productType = "com.apple.product-type.application";
		};
/* End PBXNativeTarget section */

/* Begin PBXProject section */
		964FD32122A8489D008C719D /* Project object */ = {
			isa = PBXProject;
			attributes = {
				LastSwiftUpdateCheck = 1100;
				LastUpgradeCheck = 1100;
				ORGANIZATIONNAME = "Jason Meulenhoff";
				TargetAttributes = {
					964FD32822A8489D008C719D = {
						CreatedOnToolsVersion = 11.0;
					};
				};
			};
			buildConfigurationList = 964FD32422A8489D008C719D /* Build configuration list for PBXProject "SwiftUITutorial" */;
			compatibilityVersion = "Xcode 9.3";
			developmentRegion = en;
			hasScannedForEncodings = 0;
			knownRegions = (
				en,
				Base,
			);
			mainGroup = 964FD32022A8489D008C719D;
			productRefGroup = 964FD32A22A8489D008C719D /* Products */;
			projectDirPath = "";
			projectRoot = "";
			targets = (
				964FD32822A8489D008C719D /* SwiftUITutorial */,
			);
		};
/* End PBXProject section */

/* Begin PBXResourcesBuildPhase section */
		964FD32722A8489D008C719D /* Resources */ = {
			isa = PBXResourcesBuildPhase;
			buildActionMask = 2147483647;
			files = (
				964FD33922A8489E008C719D /* LaunchScreen.storyboard in Resources */,
				964FD33622A8489E008C719D /* Preview Assets.xcassets in Resources */,
				964FD33322A8489E008C719D /* Assets.xcassets in Resources */,
			);
			runOnlyForDeploymentPostprocessing = 0;
		};
/* End PBXResourcesBuildPhase section */

/* Begin PBXSourcesBuildPhase section */
		964FD32522A8489D008C719D /* Sources */ = {
			isa = PBXSourcesBuildPhase;
			buildActionMask = 2147483647;
			files = (
				964FD32D22A8489D008C719D /* AppDelegate.swift in Sources */,
				96F00F6C22A84A4100198A29 /* RoundedImage.swift in Sources */,
				96282B8F22AB006F0054C4EF /* RemoteImage.swift in Sources */,
				96282B8D22AAF57F0054C4EF /* URLSession+Combine.swift in Sources */,
				9618BCF622ABAD440027F5C9 /* ChampionListView.swift in Sources */,
				96282B9622AB122C0054C4EF /* API.swift in Sources */,
				964FD32F22A8489D008C719D /* SceneDelegate.swift in Sources */,
				964FD33122A8489D008C719D /* ChampionCell.swift in Sources */,
				96282B9422AB0F850054C4EF /* Champion.swift in Sources */,
				96282B9822ABA1520054C4EF /* ChampionListViewModel.swift in Sources */,
			);
			runOnlyForDeploymentPostprocessing = 0;
		};
/* End PBXSourcesBuildPhase section */

/* Begin PBXVariantGroup section */
		964FD33722A8489E008C719D /* LaunchScreen.storyboard */ = {
			isa = PBXVariantGroup;
			children = (
				964FD33822A8489E008C719D /* Base */,
			);
			name = LaunchScreen.storyboard;
			sourceTree = "<group>";
		};
/* End PBXVariantGroup section */

/* Begin XCBuildConfiguration section */
		964FD33B22A8489E008C719D /* Debug */ = {
			isa = XCBuildConfiguration;
			buildSettings = {
				ALWAYS_SEARCH_USER_PATHS = NO;
				CLANG_ANALYZER_NONNULL = YES;
				CLANG_ANALYZER_NUMBER_OBJECT_CONVERSION = YES_AGGRESSIVE;
				CLANG_CXX_LANGUAGE_STANDARD = "gnu++14";
				CLANG_CXX_LIBRARY = "libc++";
				CLANG_ENABLE_MODULES = YES;
				CLANG_ENABLE_OBJC_ARC = YES;
				CLANG_ENABLE_OBJC_WEAK = YES;
				CLANG_WARN_BLOCK_CAPTURE_AUTORELEASING = YES;
				CLANG_WARN_BOOL_CONVERSION = YES;
				CLANG_WARN_COMMA = YES;
				CLANG_WARN_CONSTANT_CONVERSION = YES;
				CLANG_WARN_DEPRECATED_OBJC_IMPLEMENTATIONS = YES;
				CLANG_WARN_DIRECT_OBJC_ISA_USAGE = YES_ERROR;
				CLANG_WARN_DOCUMENTATION_COMMENTS = YES;
				CLANG_WARN_EMPTY_BODY = YES;
				CLANG_WARN_ENUM_CONVERSION = YES;
				CLANG_WARN_INFINITE_RECURSION = YES;
				CLANG_WARN_INT_CONVERSION = YES;
				CLANG_WARN_NON_LITERAL_NULL_CONVERSION = YES;
				CLANG_WARN_OBJC_IMPLICIT_RETAIN_SELF = YES;
				CLANG_WARN_OBJC_LITERAL_CONVERSION = YES;
				CLANG_WARN_OBJC_ROOT_CLASS = YES_ERROR;
				CLANG_WARN_RANGE_LOOP_ANALYSIS = YES;
				CLANG_WARN_STRICT_PROTOTYPES = YES;
				CLANG_WARN_SUSPICIOUS_MOVE = YES;
				CLANG_WARN_UNGUARDED_AVAILABILITY = YES_AGGRESSIVE;
				CLANG_WARN_UNREACHABLE_CODE = YES;
				CLANG_WARN__DUPLICATE_METHOD_MATCH = YES;
				COPY_PHASE_STRIP = NO;
				DEBUG_INFORMATION_FORMAT = dwarf;
				ENABLE_STRICT_OBJC_MSGSEND = YES;
				ENABLE_TESTABILITY = YES;
				GCC_C_LANGUAGE_STANDARD = gnu11;
				GCC_DYNAMIC_NO_PIC = NO;
				GCC_NO_COMMON_BLOCKS = YES;
				GCC_OPTIMIZATION_LEVEL = 0;
				GCC_PREPROCESSOR_DEFINITIONS = (
					"DEBUG=1",
					"$(inherited)",
				);
				GCC_WARN_64_TO_32_BIT_CONVERSION = YES;
				GCC_WARN_ABOUT_RETURN_TYPE = YES_ERROR;
				GCC_WARN_UNDECLARED_SELECTOR = YES;
				GCC_WARN_UNINITIALIZED_AUTOS = YES_AGGRESSIVE;
				GCC_WARN_UNUSED_FUNCTION = YES;
				GCC_WARN_UNUSED_VARIABLE = YES;
				IPHONEOS_DEPLOYMENT_TARGET = 13.0;
				MTL_ENABLE_DEBUG_INFO = INCLUDE_SOURCE;
				MTL_FAST_MATH = YES;
				ONLY_ACTIVE_ARCH = YES;
				SDKROOT = iphoneos;
				SWIFT_ACTIVE_COMPILATION_CONDITIONS = DEBUG;
				SWIFT_OPTIMIZATION_LEVEL = "-Onone";
			};
			name = Debug;
		};
		964FD33C22A8489E008C719D /* Release */ = {
			isa = XCBuildConfiguration;
			buildSettings = {
				ALWAYS_SEARCH_USER_PATHS = NO;
				CLANG_ANALYZER_NONNULL = YES;
				CLANG_ANALYZER_NUMBER_OBJECT_CONVERSION = YES_AGGRESSIVE;
				CLANG_CXX_LANGUAGE_STANDARD = "gnu++14";
				CLANG_CXX_LIBRARY = "libc++";
				CLANG_ENABLE_MODULES = YES;
				CLANG_ENABLE_OBJC_ARC = YES;
				CLANG_ENABLE_OBJC_WEAK = YES;
				CLANG_WARN_BLOCK_CAPTURE_AUTORELEASING = YES;
				CLANG_WARN_BOOL_CONVERSION = YES;
				CLANG_WARN_COMMA = YES;
				CLANG_WARN_CONSTANT_CONVERSION = YES;
				CLANG_WARN_DEPRECATED_OBJC_IMPLEMENTATIONS = YES;
				CLANG_WARN_DIRECT_OBJC_ISA_USAGE = YES_ERROR;
				CLANG_WARN_DOCUMENTATION_COMMENTS = YES;
				CLANG_WARN_EMPTY_BODY = YES;
				CLANG_WARN_ENUM_CONVERSION = YES;
				CLANG_WARN_INFINITE_RECURSION = YES;
				CLANG_WARN_INT_CONVERSION = YES;
				CLANG_WARN_NON_LITERAL_NULL_CONVERSION = YES;
				CLANG_WARN_OBJC_IMPLICIT_RETAIN_SELF = YES;
				CLANG_WARN_OBJC_LITERAL_CONVERSION = YES;
				CLANG_WARN_OBJC_ROOT_CLASS = YES_ERROR;
				CLANG_WARN_RANGE_LOOP_ANALYSIS = YES;
				CLANG_WARN_STRICT_PROTOTYPES = YES;
				CLANG_WARN_SUSPICIOUS_MOVE = YES;
				CLANG_WARN_UNGUARDED_AVAILABILITY = YES_AGGRESSIVE;
				CLANG_WARN_UNREACHABLE_CODE = YES;
				CLANG_WARN__DUPLICATE_METHOD_MATCH = YES;
				COPY_PHASE_STRIP = NO;
				DEBUG_INFORMATION_FORMAT = "dwarf-with-dsym";
				ENABLE_NS_ASSERTIONS = NO;
				ENABLE_STRICT_OBJC_MSGSEND = YES;
				GCC_C_LANGUAGE_STANDARD = gnu11;
				GCC_NO_COMMON_BLOCKS = YES;
				GCC_WARN_64_TO_32_BIT_CONVERSION = YES;
				GCC_WARN_ABOUT_RETURN_TYPE = YES_ERROR;
				GCC_WARN_UNDECLARED_SELECTOR = YES;
				GCC_WARN_UNINITIALIZED_AUTOS = YES_AGGRESSIVE;
				GCC_WARN_UNUSED_FUNCTION = YES;
				GCC_WARN_UNUSED_VARIABLE = YES;
				IPHONEOS_DEPLOYMENT_TARGET = 13.0;
				MTL_ENABLE_DEBUG_INFO = NO;
				MTL_FAST_MATH = YES;
				SDKROOT = iphoneos;
				SWIFT_COMPILATION_MODE = wholemodule;
				SWIFT_OPTIMIZATION_LEVEL = "-O";
				VALIDATE_PRODUCT = YES;
			};
			name = Release;
		};
		964FD33E22A8489E008C719D /* Debug */ = {
			isa = XCBuildConfiguration;
			buildSettings = {
				ASSETCATALOG_COMPILER_APPICON_NAME = AppIcon;
				CODE_SIGN_STYLE = Automatic;
				DEVELOPMENT_ASSET_PATHS = "SwiftUITutorial/Preview\\ Content";
				DEVELOPMENT_TEAM = V93329ZJLQ;
				ENABLE_PREVIEWS = YES;
				INFOPLIST_FILE = SwiftUITutorial/Info.plist;
				LD_RUNPATH_SEARCH_PATHS = (
					"$(inherited)",
					"@executable_path/Frameworks",
				);
				PRODUCT_BUNDLE_IDENTIFIER = com.pnda.SwiftUITutorial;
				PRODUCT_NAME = "$(TARGET_NAME)";
				SWIFT_VERSION = 5.0;
				TARGETED_DEVICE_FAMILY = "1,2";
			};
			name = Debug;
		};
		964FD33F22A8489E008C719D /* Release */ = {
			isa = XCBuildConfiguration;
			buildSettings = {
				ASSETCATALOG_COMPILER_APPICON_NAME = AppIcon;
				CODE_SIGN_STYLE = Automatic;
				DEVELOPMENT_ASSET_PATHS = "SwiftUITutorial/Preview\\ Content";
				DEVELOPMENT_TEAM = V93329ZJLQ;
				ENABLE_PREVIEWS = YES;
				INFOPLIST_FILE = SwiftUITutorial/Info.plist;
				LD_RUNPATH_SEARCH_PATHS = (
					"$(inherited)",
					"@executable_path/Frameworks",
				);
				PRODUCT_BUNDLE_IDENTIFIER = com.pnda.SwiftUITutorial;
				PRODUCT_NAME = "$(TARGET_NAME)";
				SWIFT_VERSION = 5.0;
				TARGETED_DEVICE_FAMILY = "1,2";
			};
			name = Release;
		};
/* End XCBuildConfiguration section */

/* Begin XCConfigurationList section */
		964FD32422A8489D008C719D /* Build configuration list for PBXProject "SwiftUITutorial" */ = {
			isa = XCConfigurationList;
			buildConfigurations = (
				964FD33B22A8489E008C719D /* Debug */,
				964FD33C22A8489E008C719D /* Release */,
			);
			defaultConfigurationIsVisible = 0;
			defaultConfigurationName = Release;
		};
		964FD33D22A8489E008C719D /* Build configuration list for PBXNativeTarget "SwiftUITutorial" */ = {
			isa = XCConfigurationList;
			buildConfigurations = (
				964FD33E22A8489E008C719D /* Debug */,
				964FD33F22A8489E008C719D /* Release */,
			);
			defaultConfigurationIsVisible = 0;
			defaultConfigurationName = Release;
		};
/* End XCConfigurationList section */
	};
	rootObject = 964FD32122A8489D008C719D /* Project object */;
}
